
Microsoft Visual Studio Solution File, Format Version 12.00
# Visual Studio 2013
VisualStudioVersion = 12.0.31101.0
MinimumVisualStudioVersion = 10.0.40219.1
Project("{FAE04EC0-301F-11D3-BF4B-00C04F79EFBC}") = "CloneDeploy-Web", "CloneDeploy-Web\CloneDeploy-Web.csproj", "{CB120C38-1AD9-4D9E-B939-F3FAB2150F95}"
	ProjectSection(ProjectDependencies) = postProject
		{F5A4E04D-FA84-4ABB-9690-DF2539F425CD} = {F5A4E04D-FA84-4ABB-9690-DF2539F425CD}
		{453080DA-87A4-4F5F-AA1F-2C49E37D2F21} = {453080DA-87A4-4F5F-AA1F-2C49E37D2F21}
	EndProjectSection
EndProject
Project("{FAE04EC0-301F-11D3-BF4B-00C04F79EFBC}") = "CloneDeploy-App", "CloneDeploy-App\CloneDeploy-App.csproj", "{A47826D1-1475-4E57-AAA1-D213E70CA0B1}"
	ProjectSection(ProjectDependencies) = postProject
		{453080DA-87A4-4F5F-AA1F-2C49E37D2F21} = {453080DA-87A4-4F5F-AA1F-2C49E37D2F21}
		{1F6BFFED-303F-4991-B44C-F70BFFF0A0D4} = {1F6BFFED-303F-4991-B44C-F70BFFF0A0D4}
	EndProjectSection
EndProject
Project("{FAE04EC0-301F-11D3-BF4B-00C04F79EFBC}") = "CloneDeploy-Entities", "CloneDeploy-Entities\CloneDeploy-Entities.csproj", "{453080DA-87A4-4F5F-AA1F-2C49E37D2F21}"
EndProject
Project("{FAE04EC0-301F-11D3-BF4B-00C04F79EFBC}") = "CloneDeploy-Services", "CloneDeploy-Services\CloneDeploy-Services.csproj", "{1F6BFFED-303F-4991-B44C-F70BFFF0A0D4}"
EndProject
Project("{FAE04EC0-301F-11D3-BF4B-00C04F79EFBC}") = "CloneDeploy-DataModel", "CloneDeploy-DataModel\CloneDeploy-DataModel.csproj", "{67C7F110-F0FD-4EA2-8EC3-5118A718B0B4}"
EndProject
Project("{FAE04EC0-301F-11D3-BF4B-00C04F79EFBC}") = "CloneDeploy-ApiCalls", "CloneDeploy-ApiCalls\CloneDeploy-ApiCalls.csproj", "{F5A4E04D-FA84-4ABB-9690-DF2539F425CD}"
EndProject
Global
	GlobalSection(SolutionConfigurationPlatforms) = preSolution
		Debug|Any CPU = Debug|Any CPU
		Release|Any CPU = Release|Any CPU
	EndGlobalSection
	GlobalSection(ProjectConfigurationPlatforms) = postSolution
		{CB120C38-1AD9-4D9E-B939-F3FAB2150F95}.Debug|Any CPU.ActiveCfg = Debug|Any CPU
		{CB120C38-1AD9-4D9E-B939-F3FAB2150F95}.Debug|Any CPU.Build.0 = Debug|Any CPU
		{CB120C38-1AD9-4D9E-B939-F3FAB2150F95}.Release|Any CPU.ActiveCfg = Release|Any CPU
		{CB120C38-1AD9-4D9E-B939-F3FAB2150F95}.Release|Any CPU.Build.0 = Release|Any CPU
		{A47826D1-1475-4E57-AAA1-D213E70CA0B1}.Debug|Any CPU.ActiveCfg = Debug|Any CPU
		{A47826D1-1475-4E57-AAA1-D213E70CA0B1}.Debug|Any CPU.Build.0 = Debug|Any CPU
		{A47826D1-1475-4E57-AAA1-D213E70CA0B1}.Release|Any CPU.ActiveCfg = Release|Any CPU
		{A47826D1-1475-4E57-AAA1-D213E70CA0B1}.Release|Any CPU.Build.0 = Release|Any CPU
		{453080DA-87A4-4F5F-AA1F-2C49E37D2F21}.Debug|Any CPU.ActiveCfg = Debug|Any CPU
		{453080DA-87A4-4F5F-AA1F-2C49E37D2F21}.Debug|Any CPU.Build.0 = Debug|Any CPU
		{453080DA-87A4-4F5F-AA1F-2C49E37D2F21}.Release|Any CPU.ActiveCfg = Release|Any CPU
		{453080DA-87A4-4F5F-AA1F-2C49E37D2F21}.Release|Any CPU.Build.0 = Release|Any CPU
		{1F6BFFED-303F-4991-B44C-F70BFFF0A0D4}.Debug|Any CPU.ActiveCfg = Debug|Any CPU
		{1F6BFFED-303F-4991-B44C-F70BFFF0A0D4}.Debug|Any CPU.Build.0 = Debug|Any CPU
		{1F6BFFED-303F-4991-B44C-F70BFFF0A0D4}.Release|Any CPU.ActiveCfg = Release|Any CPU
		{1F6BFFED-303F-4991-B44C-F70BFFF0A0D4}.Release|Any CPU.Build.0 = Release|Any CPU
		{67C7F110-F0FD-4EA2-8EC3-5118A718B0B4}.Debug|Any CPU.ActiveCfg = Debug|Any CPU
		{67C7F110-F0FD-4EA2-8EC3-5118A718B0B4}.Debug|Any CPU.Build.0 = Debug|Any CPU
		{67C7F110-F0FD-4EA2-8EC3-5118A718B0B4}.Release|Any CPU.ActiveCfg = Release|Any CPU
		{67C7F110-F0FD-4EA2-8EC3-5118A718B0B4}.Release|Any CPU.Build.0 = Release|Any CPU
		{F5A4E04D-FA84-4ABB-9690-DF2539F425CD}.Debug|Any CPU.ActiveCfg = Debug|Any CPU
		{F5A4E04D-FA84-4ABB-9690-DF2539F425CD}.Debug|Any CPU.Build.0 = Debug|Any CPU
		{F5A4E04D-FA84-4ABB-9690-DF2539F425CD}.Release|Any CPU.ActiveCfg = Release|Any CPU
		{F5A4E04D-FA84-4ABB-9690-DF2539F425CD}.Release|Any CPU.Build.0 = Release|Any CPU
	EndGlobalSection
	GlobalSection(SolutionProperties) = preSolution
		HideSolutionNode = FALSE
	EndGlobalSection
EndGlobal
